
Microsoft Visual Studio Solution File, Format Version 12.00
# Visual Studio Version 17
VisualStudioVersion = 17.12.35521.163 d17.12
MinimumVisualStudioVersion = 10.0.40219.1
Project("{FAE04EC0-301F-11D3-BF4B-00C04F79EFBC}") = "ParcialServWeb", "ParcialServWeb.csproj", "{7B7EBC2E-6B1C-4EA2-A8C3-DA792294B99C}"
EndProject
Global
	GlobalSection(SolutionConfigurationPlatforms) = preSolution
		Debug|Any CPU = Debug|Any CPU
		Release|Any CPU = Release|Any CPU
	EndGlobalSection
	GlobalSection(ProjectConfigurationPlatforms) = postSolution
		{7B7EBC2E-6B1C-4EA2-A8C3-DA792294B99C}.Debug|Any CPU.ActiveCfg = Debug|Any CPU
		{7B7EBC2E-6B1C-4EA2-A8C3-DA792294B99C}.Debug|Any CPU.Build.0 = Debug|Any CPU
		{7B7EBC2E-6B1C-4EA2-A8C3-DA792294B99C}.Release|Any CPU.ActiveCfg = Release|Any CPU
		{7B7EBC2E-6B1C-4EA2-A8C3-DA792294B99C}.Release|Any CPU.Build.0 = Release|Any CPU
	EndGlobalSection
	GlobalSection(SolutionProperties) = preSolution
		HideSolutionNode = FALSE
	EndGlobalSection
EndGlobal
